Microsoft Visual Studio Solution File, Format Version 12.00
# Visual Studio Version 17
VisualStudioVersion = 17.5.2.0
MinimumVisualStudioVersion = 10.0.40219.1
Project("{FAE04EC0-301F-11D3-BF4B-00C04F79EFBC}") = "02-Generics-Constraints-Correction", "02-Generics-Constraints-Correction.csproj", "{584C9198-970A-930E-1AA7-EDCCE947D147}"
EndProject
Global
	GlobalSection(SolutionConfigurationPlatforms) = preSolution
		Debug|Any CPU = Debug|Any CPU
		Release|Any CPU = Release|Any CPU
	EndGlobalSection
	GlobalSection(ProjectConfigurationPlatforms) = postSolution
		{584C9198-970A-930E-1AA7-EDCCE947D147}.Debug|Any CPU.ActiveCfg = Debug|Any CPU
		{584C9198-970A-930E-1AA7-EDCCE947D147}.Debug|Any CPU.Build.0 = Debug|Any CPU
		{584C9198-970A-930E-1AA7-EDCCE947D147}.Release|Any CPU.ActiveCfg = Release|Any CPU
		{584C9198-970A-930E-1AA7-EDCCE947D147}.Release|Any CPU.Build.0 = Release|Any CPU
	EndGlobalSection
	GlobalSection(SolutionProperties) = preSolution
		HideSolutionNode = FALSE
	EndGlobalSection
	GlobalSection(ExtensibilityGlobals) = postSolution
		SolutionGuid = {DAD3197C-7B2D-4371-8E38-EFE1B9F8A650}
	EndGlobalSection
EndGlobal
