Microsoft Visual Studio Solution File, Format Version 12.00
# Visual Studio Version 17
VisualStudioVersion = 17.5.2.0
MinimumVisualStudioVersion = 10.0.40219.1
Project("{FAE04EC0-301F-11D3-BF4B-00C04F79EFBC}") = "05-DocumentingApis-Lecture", "05-DocumentingApis-Lecture.csproj", "{9D82DDB2-BEDC-97B6-24EF-D265E26153EF}"
EndProject
Global
	GlobalSection(SolutionConfigurationPlatforms) = preSolution
		Debug|Any CPU = Debug|Any CPU
		Release|Any CPU = Release|Any CPU
	EndGlobalSection
	GlobalSection(ProjectConfigurationPlatforms) = postSolution
		{9D82DDB2-BEDC-97B6-24EF-D265E26153EF}.Debug|Any CPU.ActiveCfg = Debug|Any CPU
		{9D82DDB2-BEDC-97B6-24EF-D265E26153EF}.Debug|Any CPU.Build.0 = Debug|Any CPU
		{9D82DDB2-BEDC-97B6-24EF-D265E26153EF}.Release|Any CPU.ActiveCfg = Release|Any CPU
		{9D82DDB2-BEDC-97B6-24EF-D265E26153EF}.Release|Any CPU.Build.0 = Release|Any CPU
	EndGlobalSection
	GlobalSection(SolutionProperties) = preSolution
		HideSolutionNode = FALSE
	EndGlobalSection
	GlobalSection(ExtensibilityGlobals) = postSolution
		SolutionGuid = {6B8DA65F-A76C-4D5B-9560-00FEEA419C86}
	EndGlobalSection
EndGlobal
